{
  "name": "erc20_transfer_tracker",
  "version": "1.0.0",
  "lockfileVersion": 1,
  "requires": true,
  "dependencies": {
    "@openzeppelin/contracts": {
      "version": "3.4.1",
      "resolved": "https://registry.npmjs.org/@openzeppelin/contracts/-/contracts-3.4.1.tgz",
      "integrity": "sha512-cUriqMauq1ylzP2TxePNdPqkwI7Le3Annh4K9rrpvKfSBB/bdW+Iu1ihBaTIABTAAJ85LmKL5SSPPL9ry8d1gQ=="
    },
    "@singularitydao/v1-farming-contracts": {
      "version": "1.0.1",
      "resolved": "https://registry.npmjs.org/@singularitydao/v1-farming-contracts/-/v1-farming-contracts-1.0.1.tgz",
      "integrity": "sha512-Itw7uUvRILC1bIC0vscLuMCLwWtB9XWrsb293dIyc3SoAIuL3w+Xc0V0zJ8fJ0OyZIVMNGYWtbfCQHDoX5ewaw=="
    },
    "singularitydao-token-contracts": {
      "version": "1.0.0",
      "resolved": "https://registry.npmjs.org/singularitydao-token-contracts/-/singularitydao-token-contracts-1.0.0.tgz",
      "integrity": "sha512-Kh1XZI4rbeihB0HSY8wlVIHs8wOqpA7RKa9P2dWuPXtnZ0LHQ+G7tg5B3YvZ86gv1WxNCiVejE795YUfBwpJog=="
    },
    "singularitynet-stake-contracts": {
      "version": "1.0.0",
      "resolved": "https://registry.npmjs.org/singularitynet-stake-contracts/-/singularitynet-stake-contracts-1.0.0.tgz",
      "integrity": "sha512-EVLJMwViQ29Y28pkF+f9wSFMO4j03kV+hW88ENX9YpvzZb/B1wZnbEaQvW9H+cWSDLZskuzoUTxh5gKrRweYUw==",
      "requires": {
        "singularitynet-token-contracts": "^3.0.0"
      }
    },
    "singularitynet-token-contracts": {
      "version": "3.0.0",
      "resolved": "https://registry.npmjs.org/singularitynet-token-contracts/-/singularitynet-token-contracts-3.0.0.tgz",
      "integrity": "sha512-f2auof9gSN8TQNPZkdN8GvKFqY6rQTgmIrPzRgKR3H5xZ9OO5RGAWxFDsaCmBFjQqL+9ba7AaPgEMdRJ6OHs9g==",
      "requires": {
        "@openzeppelin/contracts": "^3.2.0"
      }
    }
  }
}
